<?xml version="1.0" encoding="UTF-8" standalone="yes" ?>
<CodeBlocks_project_file>
	<FileVersion major="1" minor="6" />
	<Project>
		<Option title="Cloth Simulation" />
		<Option pch_mode="2" />
		<Option compiler="gcc" />
		<Build>
			<Target title="Debug">
				<Option output="bin/Debug/ClothSimulator" prefix_auto="1" extension_auto="1" />
				<Option object_output="obj/Debug/" />
				<Option type="1" />
				<Option compiler="gcc" />
				<Compiler>
					<Add option="-g" />
					<Add directory="include" />
				</Compiler>
			</Target>
			<Target title="Release">
				<Option output="bin/Release/ClothSimulator" prefix_auto="1" extension_auto="1" />
				<Option object_output="obj/Release/" />
				<Option type="0" />
				<Option compiler="gcc" />
				<Compiler>
					<Add option="-O2" />
					<Add directory="include" />
				</Compiler>
				<Linker>
					<Add option="-s" />
				</Linker>
			</Target>
		</Build>
		<Compiler>
			<Add option="-Wall" />
			<Add option="-std=c++11" />
			<Add option="-m32" />
			<Add option="-fexceptions" />
			<Add option="-DUNICODE" />
			<Add option="-DGLEW_STATIC" />
			<Add option="-D_GLIBCXX_USE_WCHAR_T" />
			<Add option="-D_GLIBCXX_USE_C99_WCHAR" />
			<Add directory="C:/boost_1_68_0" />
			<Add directory="C:/SDL2-2.0.8/i686-w64-mingw32/include" />
			<Add directory="C:/glew-2.1.0/include" />
			<Add directory="C:/Projects/FreeImage/Dist/x32" />
		</Compiler>
		<Linker>
			<Add option="-m32" />
			<Add library="glew32s" />
			<Add library="opengl32" />
			<Add library="mingw32" />
			<Add library="SDL2main" />
			<Add library="SDL2.dll" />
			<Add library="user32" />
			<Add library="gdi32" />
			<Add library="winmm" />
			<Add library="dxguid" />
			<Add library="SDL2" />
			<Add library="SDL2_test" />
			<Add library="glu32" />
			<Add library="Comdlg32" />
			<Add library="FreeImage" />
			<Add library="msimg32" />
			<Add directory="C:/SDL2-2.0.8/i686-w64-mingw32/lib" />
			<Add directory="C:/glew-2.1.0/lib/Release/Win32" />
			<Add directory="C:/Projects/FreeImage/Dist/x32" />
		</Linker>
		<ExtraCommands>
			<Add after="XCOPY $(#sdl2)\bin\*.dll $(TARGET_OUTPUT) /D /Y" />
		</ExtraCommands>
		<Unit filename="include/btoolbar.h" />
		<Unit filename="include/bwindow.h" />
		<Unit filename="include/controller.h" />
		<Unit filename="include/glwindow.h" />
		<Unit filename="include/segment.h" />
		<Unit filename="main.cpp" />
		<Unit filename="pref.txt" />
		<Unit filename="src/btoolbar.cpp" />
		<Unit filename="src/bwindow.cpp" />
		<Unit filename="src/glwindow.cpp" />
		<Unit filename="src/segment.cpp" />
		<Extensions>
			<code_completion />
			<envvars />
			<debugger />
		</Extensions>
	</Project>
</CodeBlocks_project_file>
